
Microsoft Visual Studio Solution File, Format Version 12.00
# Visual Studio 14
VisualStudioVersion = 14.0.24720.0
MinimumVisualStudioVersion = 10.0.40219.1
Project("{FAE04EC0-301F-11D3-BF4B-00C04F79EFBC}") = "Messages", "..\cs5200s16-shared\DSoak\Messages\Messages.csproj", "{9659277F-710A-4E0B-AC2B-12882AAC247D}"
EndProject
Project("{FAE04EC0-301F-11D3-BF4B-00C04F79EFBC}") = "SharedObjects", "..\cs5200s16-shared\DSoak\SharedObjects\SharedObjects.csproj", "{67FEA8D0-4871-49D4-AA38-217F63934D26}"
EndProject
Project("{FAE04EC0-301F-11D3-BF4B-00C04F79EFBC}") = "CommunicationLayer", "CommunicationLayer\CommunicationLayer.csproj", "{828FF253-42F6-44EC-B339-4992DFAEDA59}"
EndProject
Project("{FAE04EC0-301F-11D3-BF4B-00C04F79EFBC}") = "Utils", "..\cs5200s16-shared\DSoak\Utils\Utils.csproj", "{3239FCCA-21EB-4B04-B8AD-C442491E463E}"
EndProject
Project("{FAE04EC0-301F-11D3-BF4B-00C04F79EFBC}") = "TestCommunicationLayer", "TestCommunicationLayer\TestCommunicationLayer.csproj", "{9362688B-8BA0-47CF-A9C9-159F57C031F7}"
EndProject
Project("{FAE04EC0-301F-11D3-BF4B-00C04F79EFBC}") = "MyUtilities", "MyUtilities\MyUtilities.csproj", "{0B14442E-84FA-4342-A9EF-C333160DC6C2}"
EndProject
Project("{FAE04EC0-301F-11D3-BF4B-00C04F79EFBC}") = "ProcessCommon", "ProcessCommon\ProcessCommon.csproj", "{EB8823C3-ED29-4173-A630-09BC076B321D}"
EndProject
Project("{FAE04EC0-301F-11D3-BF4B-00C04F79EFBC}") = "BalloonStoreProcess", "BalloonStoreProcess\BalloonStoreProcess.csproj", "{B60C80C8-2D5B-4134-8A2D-36EC6C19F19A}"
EndProject
Project("{FAE04EC0-301F-11D3-BF4B-00C04F79EFBC}") = "BalloonStore", "BalloonStore\BalloonStore.csproj", "{48E26B09-0C96-4441-A294-77B86CD1CAA3}"
EndProject
Project("{FAE04EC0-301F-11D3-BF4B-00C04F79EFBC}") = "AppCommon", "AppCommon\AppCommon.csproj", "{955FB5AB-C60F-4E8C-B13C-4EBD7817A2FC}"
EndProject
Project("{FAE04EC0-301F-11D3-BF4B-00C04F79EFBC}") = "PlayerProcess", "PlayerProcess\PlayerProcess.csproj", "{C3525CDC-1EB8-4D4C-AC2E-443602DDD5AD}"
EndProject
Project("{FAE04EC0-301F-11D3-BF4B-00C04F79EFBC}") = "Player", "Player\Player.csproj", "{14D38753-5471-4D63-88FB-0B5E07407867}"
EndProject
Global
	GlobalSection(SolutionConfigurationPlatforms) = preSolution
		Debug|Any CPU = Debug|Any CPU
		Release|Any CPU = Release|Any CPU
	EndGlobalSection
	GlobalSection(ProjectConfigurationPlatforms) = postSolution
		{9659277F-710A-4E0B-AC2B-12882AAC247D}.Debug|Any CPU.ActiveCfg = Debug|Any CPU
		{9659277F-710A-4E0B-AC2B-12882AAC247D}.Debug|Any CPU.Build.0 = Debug|Any CPU
		{9659277F-710A-4E0B-AC2B-12882AAC247D}.Release|Any CPU.ActiveCfg = Release|Any CPU
		{9659277F-710A-4E0B-AC2B-12882AAC247D}.Release|Any CPU.Build.0 = Release|Any CPU
		{67FEA8D0-4871-49D4-AA38-217F63934D26}.Debug|Any CPU.ActiveCfg = Debug|Any CPU
		{67FEA8D0-4871-49D4-AA38-217F63934D26}.Debug|Any CPU.Build.0 = Debug|Any CPU
		{67FEA8D0-4871-49D4-AA38-217F63934D26}.Release|Any CPU.ActiveCfg = Release|Any CPU
		{67FEA8D0-4871-49D4-AA38-217F63934D26}.Release|Any CPU.Build.0 = Release|Any CPU
		{828FF253-42F6-44EC-B339-4992DFAEDA59}.Debug|Any CPU.ActiveCfg = Debug|Any CPU
		{828FF253-42F6-44EC-B339-4992DFAEDA59}.Debug|Any CPU.Build.0 = Debug|Any CPU
		{828FF253-42F6-44EC-B339-4992DFAEDA59}.Release|Any CPU.ActiveCfg = Release|Any CPU
		{828FF253-42F6-44EC-B339-4992DFAEDA59}.Release|Any CPU.Build.0 = Release|Any CPU
		{3239FCCA-21EB-4B04-B8AD-C442491E463E}.Debug|Any CPU.ActiveCfg = Debug|Any CPU
		{3239FCCA-21EB-4B04-B8AD-C442491E463E}.Debug|Any CPU.Build.0 = Debug|Any CPU
		{3239FCCA-21EB-4B04-B8AD-C442491E463E}.Release|Any CPU.ActiveCfg = Release|Any CPU
		{3239FCCA-21EB-4B04-B8AD-C442491E463E}.Release|Any CPU.Build.0 = Release|Any CPU
		{9362688B-8BA0-47CF-A9C9-159F57C031F7}.Debug|Any CPU.ActiveCfg = Debug|Any CPU
		{9362688B-8BA0-47CF-A9C9-159F57C031F7}.Debug|Any CPU.Build.0 = Debug|Any CPU
		{9362688B-8BA0-47CF-A9C9-159F57C031F7}.Release|Any CPU.ActiveCfg = Release|Any CPU
		{9362688B-8BA0-47CF-A9C9-159F57C031F7}.Release|Any CPU.Build.0 = Release|Any CPU
		{0B14442E-84FA-4342-A9EF-C333160DC6C2}.Debug|Any CPU.ActiveCfg = Debug|Any CPU
		{0B14442E-84FA-4342-A9EF-C333160DC6C2}.Debug|Any CPU.Build.0 = Debug|Any CPU
		{0B14442E-84FA-4342-A9EF-C333160DC6C2}.Release|Any CPU.ActiveCfg = Release|Any CPU
		{0B14442E-84FA-4342-A9EF-C333160DC6C2}.Release|Any CPU.Build.0 = Release|Any CPU
		{EB8823C3-ED29-4173-A630-09BC076B321D}.Debug|Any CPU.ActiveCfg = Debug|Any CPU
		{EB8823C3-ED29-4173-A630-09BC076B321D}.Debug|Any CPU.Build.0 = Debug|Any CPU
		{EB8823C3-ED29-4173-A630-09BC076B321D}.Release|Any CPU.ActiveCfg = Release|Any CPU
		{EB8823C3-ED29-4173-A630-09BC076B321D}.Release|Any CPU.Build.0 = Release|Any CPU
		{B60C80C8-2D5B-4134-8A2D-36EC6C19F19A}.Debug|Any CPU.ActiveCfg = Debug|Any CPU
		{B60C80C8-2D5B-4134-8A2D-36EC6C19F19A}.Debug|Any CPU.Build.0 = Debug|Any CPU
		{B60C80C8-2D5B-4134-8A2D-36EC6C19F19A}.Release|Any CPU.ActiveCfg = Release|Any CPU
		{B60C80C8-2D5B-4134-8A2D-36EC6C19F19A}.Release|Any CPU.Build.0 = Release|Any CPU
		{48E26B09-0C96-4441-A294-77B86CD1CAA3}.Debug|Any CPU.ActiveCfg = Debug|Any CPU
		{48E26B09-0C96-4441-A294-77B86CD1CAA3}.Debug|Any CPU.Build.0 = Debug|Any CPU
		{48E26B09-0C96-4441-A294-77B86CD1CAA3}.Release|Any CPU.ActiveCfg = Release|Any CPU
		{48E26B09-0C96-4441-A294-77B86CD1CAA3}.Release|Any CPU.Build.0 = Release|Any CPU
		{955FB5AB-C60F-4E8C-B13C-4EBD7817A2FC}.Debug|Any CPU.ActiveCfg = Debug|Any CPU
		{955FB5AB-C60F-4E8C-B13C-4EBD7817A2FC}.Debug|Any CPU.Build.0 = Debug|Any CPU
		{955FB5AB-C60F-4E8C-B13C-4EBD7817A2FC}.Release|Any CPU.ActiveCfg = Release|Any CPU
		{955FB5AB-C60F-4E8C-B13C-4EBD7817A2FC}.Release|Any CPU.Build.0 = Release|Any CPU
		{C3525CDC-1EB8-4D4C-AC2E-443602DDD5AD}.Debug|Any CPU.ActiveCfg = Debug|Any CPU
		{C3525CDC-1EB8-4D4C-AC2E-443602DDD5AD}.Debug|Any CPU.Build.0 = Debug|Any CPU
		{C3525CDC-1EB8-4D4C-AC2E-443602DDD5AD}.Release|Any CPU.ActiveCfg = Release|Any CPU
		{C3525CDC-1EB8-4D4C-AC2E-443602DDD5AD}.Release|Any CPU.Build.0 = Release|Any CPU
		{14D38753-5471-4D63-88FB-0B5E07407867}.Debug|Any CPU.ActiveCfg = Debug|Any CPU
		{14D38753-5471-4D63-88FB-0B5E07407867}.Debug|Any CPU.Build.0 = Debug|Any CPU
		{14D38753-5471-4D63-88FB-0B5E07407867}.Release|Any CPU.ActiveCfg = Release|Any CPU
		{14D38753-5471-4D63-88FB-0B5E07407867}.Release|Any CPU.Build.0 = Release|Any CPU
	EndGlobalSection
	GlobalSection(SolutionProperties) = preSolution
		HideSolutionNode = FALSE
	EndGlobalSection
EndGlobal
